// !$*UTF8*$!
{
	archiveVersion = 1;
	classes = {
	};
	objectVersion = 77;
	objects = {

/* Begin PBXBuildFile section */
		5FBAAC902F9D000100CDF69E /* ReadiumShared in Frameworks */ = {isa = PBXBuildFile; productRef = 5FBAAC8C2F9D000100CDF69E /* ReadiumShared */; };
		5FBAAC912F9D000100CDF69E /* ReadiumStreamer in Frameworks */ = {isa = PBXBuildFile; productRef = 5FBAAC8D2F9D000100CDF69E /* ReadiumStreamer */; };
		5FBAAC922F9D000100CDF69E /* ReadiumNavigator in Frameworks */ = {isa = PBXBuildFile; productRef = 5FBAAC8E2F9D000100CDF69E /* ReadiumNavigator */; };
		5FBAAC932F9D000100CDF69E /* ReadiumAdapterGCDWebServer in Frameworks */ = {isa = PBXBuildFile; productRef = 5FBAAC8F2F9D000100CDF69E /* ReadiumAdapterGCDWebServer */; };
		5FBAACA22F9D000200CDF69E /* ReadiumZIPFoundation in Frameworks */ = {isa = PBXBuildFile; productRef = 5FBAACA12F9D000200CDF69E /* ReadiumZIPFoundation */; };
/* End PBXBuildFile section */

/* Begin PBXContainerItemProxy section */
		A1B2C3D40123456789ABCDE9 /* PBXContainerItemProxy */ = {
			isa = PBXContainerItemProxy;
			containerPortal = 5FBAAC6F2F9CB28400CDF69E /* Project object */;
			proxyType = 1;
			remoteGlobalIDString = 5FBAAC762F9CB28400CDF69E;
			remoteInfo = "EPUB Player";
		};
/* End PBXContainerItemProxy section */

/* Begin PBXFileReference section */
		5FBAAC772F9CB28400CDF69E /* EPUBPlayer.app */ = {isa = PBXFileReference; explicitFileType = wrapper.application; includeInIndex = 0; path = EPUBPlayer.app; sourceTree = BUILT_PRODUCTS_DIR; };
		A1B2C3D40123456789ABCDE2 /* EPUB PlayerTests.xctest */ = {isa = PBXFileReference; explicitFileType = wrapper.cfbundle; includeInIndex = 0; path = "EPUB PlayerTests.xctest"; sourceTree = BUILT_PRODUCTS_DIR; };
/* End PBXFileReference section */

/* Begin PBXFileSystemSynchronizedRootGroup section */
		5FBAAC792F9CB28400CDF69E /* EPUB Player */ = {
			isa = PBXFileSystemSynchronizedRootGroup;
			path = "EPUB Player";
			sourceTree = "<group>";
		};
		A1B2C3D40123456789ABCDE4 /* EPUB PlayerTests */ = {
			isa = PBXFileSystemSynchronizedRootGroup;
			path = "EPUB PlayerTests";
			sourceTree = "<group>";
		};
/* End PBXFileSystemSynchronizedRootGroup section */

/* Begin PBXFrameworksBuildPhase section */
		5FBAAC742F9CB28400CDF69E /* Frameworks */ = {
			isa = PBXFrameworksBuildPhase;
			buildActionMask = 2147483647;
			files = (
				5FBAAC902F9D000100CDF69E /* ReadiumShared in Frameworks */,
				5FBAAC912F9D000100CDF69E /* ReadiumStreamer in Frameworks */,
				5FBAAC922F9D000100CDF69E /* ReadiumNavigator in Frameworks */,
				5FBAAC932F9D000100CDF69E /* ReadiumAdapterGCDWebServer in Frameworks */,
				5FBAACA22F9D000200CDF69E /* ReadiumZIPFoundation in Frameworks */,
			);
			runOnlyForDeploymentPostprocessing = 0;
		};
		A1B2C3D40123456789ABCDE5 /* Frameworks */ = {
			isa = PBXFrameworksBuildPhase;
			buildActionMask = 2147483647;
			files = (
			);
			runOnlyForDeploymentPostprocessing = 0;
		};
/* End PBXFrameworksBuildPhase section */

/* Begin PBXGroup section */
		5FBAAC6E2F9CB28400CDF69E = {
			isa = PBXGroup;
			children = (
				5FBAAC792F9CB28400CDF69E /* EPUB Player */,
				A1B2C3D40123456789ABCDE4 /* EPUB PlayerTests */,
				5FBAAC782F9CB28400CDF69E /* Products */,
			);
			sourceTree = "<group>";
		};
		5FBAAC782F9CB28400CDF69E /* Products */ = {
			isa = PBXGroup;
			children = (
				5FBAAC772F9CB28400CDF69E /* EPUBPlayer.app */,
				A1B2C3D40123456789ABCDE2 /* EPUB PlayerTests.xctest */,
			);
			name = Products;
			sourceTree = "<group>";
		};
/* End PBXGroup section */

/* Begin PBXNativeTarget section */
		5FBAAC762F9CB28400CDF69E /* EPUB Player */ = {
			isa = PBXNativeTarget;
			buildConfigurationList = 5FBAAC842F9CB28500CDF69E /* Build configuration list for PBXNativeTarget "EPUB Player" */;
			buildPhases = (
				5FBAAC732F9CB28400CDF69E /* Sources */,
				5FBAAC742F9CB28400CDF69E /* Frameworks */,
				5FBAAC752F9CB28400CDF69E /* Resources */,
			);
			buildRules = (
			);
			dependencies = (
			);
			fileSystemSynchronizedGroups = (
				5FBAAC792F9CB28400CDF69E /* EPUB Player */,
			);
			name = "EPUB Player";
			packageProductDependencies = (
				5FBAAC8C2F9D000100CDF69E /* ReadiumShared */,
				5FBAAC8D2F9D000100CDF69E /* ReadiumStreamer */,
				5FBAAC8E2F9D000100CDF69E /* ReadiumNavigator */,
				5FBAAC8F2F9D000100CDF69E /* ReadiumAdapterGCDWebServer */,
				5FBAACA12F9D000200CDF69E /* ReadiumZIPFoundation */,
			);
			productName = EPUBPlayer;
			productReference = 5FBAAC772F9CB28400CDF69E /* EPUBPlayer.app */;
			productType = "com.apple.product-type.application";
		};
		A1B2C3D40123456789ABCDE8 /* EPUB PlayerTests */ = {
			isa = PBXNativeTarget;
			buildConfigurationList = A1B2C3D40123456789ABCDED /* Build configuration list for PBXNativeTarget "EPUB PlayerTests" */;
			buildPhases = (
				A1B2C3D40123456789ABCDE7 /* Sources */,
				A1B2C3D40123456789ABCDE5 /* Frameworks */,
				A1B2C3D40123456789ABCDE6 /* Resources */,
			);
			buildRules = (
			);
			dependencies = (
				A1B2C3D40123456789ABCDEA /* PBXTargetDependency */,
			);
			fileSystemSynchronizedGroups = (
				A1B2C3D40123456789ABCDE4 /* EPUB PlayerTests */,
			);
			name = "EPUB PlayerTests";
			packageProductDependencies = (
			);
			productName = "EPUB PlayerTests";
			productReference = A1B2C3D40123456789ABCDE2 /* EPUB PlayerTests.xctest */;
			productType = "com.apple.product-type.bundle.unit-test";
		};
/* End PBXNativeTarget section */

/* Begin PBXProject section */
		5FBAAC6F2F9CB28400CDF69E /* Project object */ = {
			isa = PBXProject;
			attributes = {
				BuildIndependentTargetsInParallel = 1;
				LastSwiftUpdateCheck = 2640;
				LastUpgradeCheck = 2650;
				TargetAttributes = {
					5FBAAC762F9CB28400CDF69E = {
						CreatedOnToolsVersion = 26.4.1;
					};
					A1B2C3D40123456789ABCDE8 = {
						CreatedOnToolsVersion = 26.4.1;
						TestTargetID = 5FBAAC762F9CB28400CDF69E;
					};
				};
			};
			buildConfigurationList = 5FBAAC722F9CB28400CDF69E /* Build configuration list for PBXProject "EPUB Player" */;
			developmentRegion = en;
			hasScannedForEncodings = 0;
			knownRegions = (
				en,
				Base,
			);
			mainGroup = 5FBAAC6E2F9CB28400CDF69E;
			minimizedProjectReferenceProxies = 1;
			packageReferences = (
				5FBAAC8B2F9D000100CDF69E /* XCRemoteSwiftPackageReference "swift-toolkit" */,
				5FBAACA02F9D000200CDF69E /* XCRemoteSwiftPackageReference "ZIPFoundation" */,
			);
			preferredProjectObjectVersion = 77;
			productRefGroup = 5FBAAC782F9CB28400CDF69E /* Products */;
			projectDirPath = "";
			projectRoot = "";
			targets = (
				5FBAAC762F9CB28400CDF69E /* EPUB Player */,
				A1B2C3D40123456789ABCDE8 /* EPUB PlayerTests */,
			);
		};
/* End PBXProject section */

/* Begin PBXResourcesBuildPhase section */
		5FBAAC752F9CB28400CDF69E /* Resources */ = {
			isa = PBXResourcesBuildPhase;
			buildActionMask = 2147483647;
			files = (
			);
			runOnlyForDeploymentPostprocessing = 0;
		};
		A1B2C3D40123456789ABCDE6 /* Resources */ = {
			isa = PBXResourcesBuildPhase;
			buildActionMask = 2147483647;
			files = (
			);
			runOnlyForDeploymentPostprocessing = 0;
		};
/* End PBXResourcesBuildPhase section */

/* Begin PBXSourcesBuildPhase section */
		5FBAAC732F9CB28400CDF69E /* Sources */ = {
			isa = PBXSourcesBuildPhase;
			buildActionMask = 2147483647;
			files = (
			);
			runOnlyForDeploymentPostprocessing = 0;
		};
		A1B2C3D40123456789ABCDE7 /* Sources */ = {
			isa = PBXSourcesBuildPhase;
			buildActionMask = 2147483647;
			files = (
			);
			runOnlyForDeploymentPostprocessing = 0;
		};
/* End PBXSourcesBuildPhase section */

/* Begin PBXTargetDependency section */
		A1B2C3D40123456789ABCDEA /* PBXTargetDependency */ = {
			isa = PBXTargetDependency;
			target = 5FBAAC762F9CB28400CDF69E /* EPUB Player */;
			targetProxy = A1B2C3D40123456789ABCDE9 /* PBXContainerItemProxy */;
		};
/* End PBXTargetDependency section */

/* Begin XCBuildConfiguration section */
		5FBAAC822F9CB28500CDF69E /* Debug */ = {
			isa = XCBuildConfiguration;
			buildSettings = {
				ALWAYS_SEARCH_USER_PATHS = NO;
				ASSETCATALOG_COMPILER_GENERATE_SWIFT_ASSET_SYMBOL_EXTENSIONS = YES;
				CLANG_ANALYZER_NONNULL = YES;
				CLANG_ANALYZER_NUMBER_OBJECT_CONVERSION = YES_AGGRESSIVE;
				CLANG_CXX_LANGUAGE_STANDARD = "gnu++20";
				CLANG_ENABLE_MODULES = YES;
				CLANG_ENABLE_OBJC_ARC = YES;
				CLANG_ENABLE_OBJC_WEAK = YES;
				CLANG_WARN_BLOCK_CAPTURE_AUTORELEASING = YES;
				CLANG_WARN_BOOL_CONVERSION = YES;
				CLANG_WARN_COMMA = YES;
				CLANG_WARN_CONSTANT_CONVERSION = YES;
				CLANG_WARN_DEPRECATED_OBJC_IMPLEMENTATIONS = YES;
				CLANG_WARN_DIRECT_OBJC_ISA_USAGE = YES_ERROR;
				CLANG_WARN_DOCUMENTATION_COMMENTS = YES;
				CLANG_WARN_EMPTY_BODY = YES;
				CLANG_WARN_ENUM_CONVERSION = YES;
				CLANG_WARN_INFINITE_RECURSION = YES;
				CLANG_WARN_INT_CONVERSION = YES;
				CLANG_WARN_NON_LITERAL_NULL_CONVERSION = YES;
				CLANG_WARN_OBJC_IMPLICIT_RETAIN_SELF = YES;
				CLANG_WARN_OBJC_LITERAL_CONVERSION = YES;
				CLANG_WARN_OBJC_ROOT_CLASS = YES_ERROR;
				CLANG_WARN_QUOTED_INCLUDE_IN_FRAMEWORK_HEADER = YES;
				CLANG_WARN_RANGE_LOOP_ANALYSIS = YES;
				CLANG_WARN_STRICT_PROTOTYPES = YES;
				CLANG_WARN_SUSPICIOUS_MOVE = YES;
				CLANG_WARN_UNGUARDED_AVAILABILITY = YES_AGGRESSIVE;
				CLANG_WARN_UNREACHABLE_CODE = YES;
				CLANG_WARN__DUPLICATE_METHOD_MATCH = YES;
				COPY_PHASE_STRIP = NO;
				DEAD_CODE_STRIPPING = YES;
				DEBUG_INFORMATION_FORMAT = dwarf;
				DEVELOPMENT_TEAM = 9LK4YZ82JR;
				ENABLE_STRICT_OBJC_MSGSEND = YES;
				ENABLE_TESTABILITY = YES;
				ENABLE_USER_SCRIPT_SANDBOXING = YES;
				GCC_C_LANGUAGE_STANDARD = gnu17;
				GCC_DYNAMIC_NO_PIC = NO;
				GCC_NO_COMMON_BLOCKS = YES;
				GCC_OPTIMIZATION_LEVEL = 0;
				GCC_PREPROCESSOR_DEFINITIONS = (
					"DEBUG=1",
					"$(inherited)",
				);
				GCC_WARN_64_TO_32_BIT_CONVERSION = YES;
				GCC_WARN_ABOUT_RETURN_TYPE = YES_ERROR;
				GCC_WARN_UNDECLARED_SELECTOR = YES;
				GCC_WARN_UNINITIALIZED_AUTOS = YES_AGGRESSIVE;
				GCC_WARN_UNUSED_FUNCTION = YES;
				GCC_WARN_UNUSED_VARIABLE = YES;
				LOCALIZATION_PREFERS_STRING_CATALOGS = YES;
				MTL_ENABLE_DEBUG_INFO = INCLUDE_SOURCE;
				MTL_FAST_MATH = YES;
				ONLY_ACTIVE_ARCH = YES;
				STRING_CATALOG_GENERATE_SYMBOLS = YES;
				SWIFT_ACTIVE_COMPILATION_CONDITIONS = "DEBUG $(inherited)";
				SWIFT_OPTIMIZATION_LEVEL = "-Onone";
			};
			name = Debug;
		};
		5FBAAC832F9CB28500CDF69E /* Release */ = {
			isa = XCBuildConfiguration;
			buildSettings = {
				ALWAYS_SEARCH_USER_PATHS = NO;
				ASSETCATALOG_COMPILER_GENERATE_SWIFT_ASSET_SYMBOL_EXTENSIONS = YES;
				CLANG_ANALYZER_NONNULL = YES;
				CLANG_ANALYZER_NUMBER_OBJECT_CONVERSION = YES_AGGRESSIVE;
				CLANG_CXX_LANGUAGE_STANDARD = "gnu++20";
				CLANG_ENABLE_MODULES = YES;
				CLANG_ENABLE_OBJC_ARC = YES;
				CLANG_ENABLE_OBJC_WEAK = YES;
				CLANG_WARN_BLOCK_CAPTURE_AUTORELEASING = YES;
				CLANG_WARN_BOOL_CONVERSION = YES;
				CLANG_WARN_COMMA = YES;
				CLANG_WARN_CONSTANT_CONVERSION = YES;
				CLANG_WARN_DEPRECATED_OBJC_IMPLEMENTATIONS = YES;
				CLANG_WARN_DIRECT_OBJC_ISA_USAGE = YES_ERROR;
				CLANG_WARN_DOCUMENTATION_COMMENTS = YES;
				CLANG_WARN_EMPTY_BODY = YES;
				CLANG_WARN_ENUM_CONVERSION = YES;
				CLANG_WARN_INFINITE_RECURSION = YES;
				CLANG_WARN_INT_CONVERSION = YES;
				CLANG_WARN_NON_LITERAL_NULL_CONVERSION = YES;
				CLANG_WARN_OBJC_IMPLICIT_RETAIN_SELF = YES;
				CLANG_WARN_OBJC_LITERAL_CONVERSION = YES;
				CLANG_WARN_OBJC_ROOT_CLASS = YES_ERROR;
				CLANG_WARN_QUOTED_INCLUDE_IN_FRAMEWORK_HEADER = YES;
				CLANG_WARN_RANGE_LOOP_ANALYSIS = YES;
				CLANG_WARN_STRICT_PROTOTYPES = YES;
				CLANG_WARN_SUSPICIOUS_MOVE = YES;
				CLANG_WARN_UNGUARDED_AVAILABILITY = YES_AGGRESSIVE;
				CLANG_WARN_UNREACHABLE_CODE = YES;
				CLANG_WARN__DUPLICATE_METHOD_MATCH = YES;
				COPY_PHASE_STRIP = NO;
				DEAD_CODE_STRIPPING = YES;
				DEBUG_INFORMATION_FORMAT = "dwarf-with-dsym";
				DEVELOPMENT_TEAM = 9LK4YZ82JR;
				ENABLE_NS_ASSERTIONS = NO;
				ENABLE_STRICT_OBJC_MSGSEND = YES;
				ENABLE_USER_SCRIPT_SANDBOXING = YES;
				GCC_C_LANGUAGE_STANDARD = gnu17;
				GCC_NO_COMMON_BLOCKS = YES;
				GCC_WARN_64_TO_32_BIT_CONVERSION = YES;
				GCC_WARN_ABOUT_RETURN_TYPE = YES_ERROR;
				GCC_WARN_UNDECLARED_SELECTOR = YES;
				GCC_WARN_UNINITIALIZED_AUTOS = YES_AGGRESSIVE;
				GCC_WARN_UNUSED_FUNCTION = YES;
				GCC_WARN_UNUSED_VARIABLE = YES;
				LOCALIZATION_PREFERS_STRING_CATALOGS = YES;
				MTL_ENABLE_DEBUG_INFO = NO;
				MTL_FAST_MATH = YES;
				STRING_CATALOG_GENERATE_SYMBOLS = YES;
				SWIFT_COMPILATION_MODE = wholemodule;
			};
			name = Release;
		};
		5FBAAC852F9CB28500CDF69E /* Debug */ = {
			isa = XCBuildConfiguration;
			buildSettings = {
				ASSETCATALOG_COMPILER_APPICON_NAME = AppIcon;
				ASSETCATALOG_COMPILER_GLOBAL_ACCENT_COLOR_NAME = AccentColor;
				ASSETCATALOG_COMPILER_INCLUDE_ALL_APPICON_ASSETS = NO;
				CODE_SIGN_STYLE = Automatic;
				CURRENT_PROJECT_VERSION = 1;
				DEAD_CODE_STRIPPING = YES;
				ENABLE_APP_SANDBOX = YES;
				ENABLE_INCOMING_NETWORK_CONNECTIONS = YES;
				ENABLE_OUTGOING_NETWORK_CONNECTIONS = YES;
				ENABLE_PREVIEWS = YES;
				ENABLE_RESOURCE_ACCESS_AUDIO_INPUT = NO;
				ENABLE_RESOURCE_ACCESS_BLUETOOTH = NO;
				ENABLE_RESOURCE_ACCESS_CALENDARS = NO;
				ENABLE_RESOURCE_ACCESS_CAMERA = NO;
				ENABLE_RESOURCE_ACCESS_CONTACTS = NO;
				ENABLE_RESOURCE_ACCESS_LOCATION = NO;
				ENABLE_RESOURCE_ACCESS_PRINTING = NO;
				ENABLE_RESOURCE_ACCESS_USB = NO;
				ENABLE_USER_SELECTED_FILES = readonly;
				GENERATE_INFOPLIST_FILE = NO;
				INFOPLIST_FILE = "EPUBPlayer-Info.plist";
				IPHONEOS_DEPLOYMENT_TARGET = 17.0;
				LD_RUNPATH_SEARCH_PATHS = "@executable_path/Frameworks";
				"LD_RUNPATH_SEARCH_PATHS[sdk=macosx*]" = "@executable_path/../Frameworks";
				MARKETING_VERSION = 1.0.10;
				PRODUCT_BUNDLE_IDENTIFIER = com.seedds.epubplayer;
				PRODUCT_MODULE_NAME = EPUBPlayer;
				PRODUCT_NAME = EPUBPlayer;
				REGISTER_APP_GROUPS = YES;
				SDKROOT = auto;
				STRING_CATALOG_GENERATE_SYMBOLS = YES;
				SUPPORTED_PLATFORMS = "iphoneos iphonesimulator";
				SUPPORTS_MACCATALYST = NO;
				SWIFT_APPROACHABLE_CONCURRENCY = YES;
				SWIFT_DEFAULT_ACTOR_ISOLATION = MainActor;
				SWIFT_EMIT_LOC_STRINGS = YES;
				SWIFT_UPCOMING_FEATURE_MEMBER_IMPORT_VISIBILITY = YES;
				SWIFT_VERSION = 5.0;
				TARGETED_DEVICE_FAMILY = 1;
			};
			name = Debug;
		};
		5FBAAC862F9CB28500CDF69E /* Release */ = {
			isa = XCBuildConfiguration;
			buildSettings = {
				ASSETCATALOG_COMPILER_APPICON_NAME = AppIcon;
				ASSETCATALOG_COMPILER_GLOBAL_ACCENT_COLOR_NAME = AccentColor;
				ASSETCATALOG_COMPILER_INCLUDE_ALL_APPICON_ASSETS = NO;
				CODE_SIGN_STYLE = Automatic;
				CURRENT_PROJECT_VERSION = 1;
				DEAD_CODE_STRIPPING = YES;
				ENABLE_APP_SANDBOX = YES;
				ENABLE_INCOMING_NETWORK_CONNECTIONS = YES;
				ENABLE_OUTGOING_NETWORK_CONNECTIONS = YES;
				ENABLE_PREVIEWS = YES;
				ENABLE_RESOURCE_ACCESS_AUDIO_INPUT = NO;
				ENABLE_RESOURCE_ACCESS_BLUETOOTH = NO;
				ENABLE_RESOURCE_ACCESS_CALENDARS = NO;
				ENABLE_RESOURCE_ACCESS_CAMERA = NO;
				ENABLE_RESOURCE_ACCESS_CONTACTS = NO;
				ENABLE_RESOURCE_ACCESS_LOCATION = NO;
				ENABLE_RESOURCE_ACCESS_PRINTING = NO;
				ENABLE_RESOURCE_ACCESS_USB = NO;
				ENABLE_USER_SELECTED_FILES = readonly;
				GENERATE_INFOPLIST_FILE = NO;
				INFOPLIST_FILE = "EPUBPlayer-Info.plist";
				IPHONEOS_DEPLOYMENT_TARGET = 17.0;
				LD_RUNPATH_SEARCH_PATHS = "@executable_path/Frameworks";
				"LD_RUNPATH_SEARCH_PATHS[sdk=macosx*]" = "@executable_path/../Frameworks";
				MARKETING_VERSION = 1.0.10;
				PRODUCT_BUNDLE_IDENTIFIER = com.seedds.epubplayer;
				PRODUCT_MODULE_NAME = EPUBPlayer;
				PRODUCT_NAME = EPUBPlayer;
				REGISTER_APP_GROUPS = YES;
				SDKROOT = auto;
				STRING_CATALOG_GENERATE_SYMBOLS = YES;
				SUPPORTED_PLATFORMS = "iphoneos iphonesimulator";
				SUPPORTS_MACCATALYST = NO;
				SWIFT_APPROACHABLE_CONCURRENCY = YES;
				SWIFT_DEFAULT_ACTOR_ISOLATION = MainActor;
				SWIFT_EMIT_LOC_STRINGS = YES;
				SWIFT_UPCOMING_FEATURE_MEMBER_IMPORT_VISIBILITY = YES;
				SWIFT_VERSION = 5.0;
				TARGETED_DEVICE_FAMILY = 1;
			};
			name = Release;
		};
		A1B2C3D40123456789ABCDEB /* Debug */ = {
			isa = XCBuildConfiguration;
			buildSettings = {
				BUNDLE_LOADER = "$(TEST_HOST)";
				CODE_SIGN_STYLE = Automatic;
				CURRENT_PROJECT_VERSION = 1;
				DEAD_CODE_STRIPPING = YES;
				GENERATE_INFOPLIST_FILE = YES;
				IPHONEOS_DEPLOYMENT_TARGET = 17.0;
				LD_RUNPATH_SEARCH_PATHS = (
					"$(inherited)",
					"@executable_path/Frameworks",
					"@loader_path/Frameworks",
				);
				MARKETING_VERSION = 1.0;
				OTHER_LDFLAGS = (
					"$(inherited)",
					"-framework",
					XCTest,
				);
				PRODUCT_BUNDLE_IDENTIFIER = com.seedds.epubplayerTests;
				PRODUCT_NAME = "$(TARGET_NAME)";
				SDKROOT = auto;
				STRING_CATALOG_GENERATE_SYMBOLS = YES;
				SUPPORTED_PLATFORMS = "iphoneos iphonesimulator";
				SUPPORTS_MACCATALYST = NO;
				SWIFT_ACTIVE_COMPILATION_CONDITIONS = "DEBUG $(inherited)";
				SWIFT_EMIT_LOC_STRINGS = NO;
				SWIFT_VERSION = 5.0;
				TARGETED_DEVICE_FAMILY = 1;
				TEST_HOST = "$(BUILT_PRODUCTS_DIR)/EPUBPlayer.app/EPUBPlayer";
				TEST_TARGET_NAME = "EPUB Player";
			};
			name = Debug;
		};
		A1B2C3D40123456789ABCDEC /* Release */ = {
			isa = XCBuildConfiguration;
			buildSettings = {
				BUNDLE_LOADER = "$(TEST_HOST)";
				CODE_SIGN_STYLE = Automatic;
				CURRENT_PROJECT_VERSION = 1;
				DEAD_CODE_STRIPPING = YES;
				GENERATE_INFOPLIST_FILE = YES;
				IPHONEOS_DEPLOYMENT_TARGET = 17.0;
				LD_RUNPATH_SEARCH_PATHS = (
					"$(inherited)",
					"@executable_path/Frameworks",
					"@loader_path/Frameworks",
				);
				MARKETING_VERSION = 1.0;
				OTHER_LDFLAGS = (
					"$(inherited)",
					"-framework",
					XCTest,
				);
				PRODUCT_BUNDLE_IDENTIFIER = com.seedds.epubplayerTests;
				PRODUCT_NAME = "$(TARGET_NAME)";
				SDKROOT = auto;
				STRING_CATALOG_GENERATE_SYMBOLS = YES;
				SUPPORTED_PLATFORMS = "iphoneos iphonesimulator";
				SUPPORTS_MACCATALYST = NO;
				SWIFT_EMIT_LOC_STRINGS = NO;
				SWIFT_VERSION = 5.0;
				TARGETED_DEVICE_FAMILY = 1;
				TEST_HOST = "$(BUILT_PRODUCTS_DIR)/EPUBPlayer.app/EPUBPlayer";
				TEST_TARGET_NAME = "EPUB Player";
			};
			name = Release;
		};
/* End XCBuildConfiguration section */

/* Begin XCConfigurationList section */
		5FBAAC722F9CB28400CDF69E /* Build configuration list for PBXProject "EPUB Player" */ = {
			isa = XCConfigurationList;
			buildConfigurations = (
				5FBAAC822F9CB28500CDF69E /* Debug */,
				5FBAAC832F9CB28500CDF69E /* Release */,
			);
			defaultConfigurationIsVisible = 0;
			defaultConfigurationName = Release;
		};
		5FBAAC842F9CB28500CDF69E /* Build configuration list for PBXNativeTarget "EPUB Player" */ = {
			isa = XCConfigurationList;
			buildConfigurations = (
				5FBAAC852F9CB28500CDF69E /* Debug */,
				5FBAAC862F9CB28500CDF69E /* Release */,
			);
			defaultConfigurationIsVisible = 0;
			defaultConfigurationName = Release;
		};
		A1B2C3D40123456789ABCDED /* Build configuration list for PBXNativeTarget "EPUB PlayerTests" */ = {
			isa = XCConfigurationList;
			buildConfigurations = (
				A1B2C3D40123456789ABCDEB /* Debug */,
				A1B2C3D40123456789ABCDEC /* Release */,
			);
			defaultConfigurationIsVisible = 0;
			defaultConfigurationName = Release;
		};
/* End XCConfigurationList section */

/* Begin XCRemoteSwiftPackageReference section */
		5FBAAC8B2F9D000100CDF69E /* XCRemoteSwiftPackageReference "swift-toolkit" */ = {
			isa = XCRemoteSwiftPackageReference;
			repositoryURL = "https://github.com/readium/swift-toolkit.git";
			requirement = {
				kind = upToNextMajorVersion;
				minimumVersion = 3.8.0;
			};
		};
		5FBAACA02F9D000200CDF69E /* XCRemoteSwiftPackageReference "ZIPFoundation" */ = {
			isa = XCRemoteSwiftPackageReference;
			repositoryURL = "https://github.com/readium/ZIPFoundation.git";
			requirement = {
				kind = upToNextMajorVersion;
				minimumVersion = 3.0.1;
			};
		};
/* End XCRemoteSwiftPackageReference section */

/* Begin XCSwiftPackageProductDependency section */
		5FBAAC8C2F9D000100CDF69E /* ReadiumShared */ = {
			isa = XCSwiftPackageProductDependency;
			package = 5FBAAC8B2F9D000100CDF69E /* XCRemoteSwiftPackageReference "swift-toolkit" */;
			productName = ReadiumShared;
		};
		5FBAAC8D2F9D000100CDF69E /* ReadiumStreamer */ = {
			isa = XCSwiftPackageProductDependency;
			package = 5FBAAC8B2F9D000100CDF69E /* XCRemoteSwiftPackageReference "swift-toolkit" */;
			productName = ReadiumStreamer;
		};
		5FBAAC8E2F9D000100CDF69E /* ReadiumNavigator */ = {
			isa = XCSwiftPackageProductDependency;
			package = 5FBAAC8B2F9D000100CDF69E /* XCRemoteSwiftPackageReference "swift-toolkit" */;
			productName = ReadiumNavigator;
		};
		5FBAAC8F2F9D000100CDF69E /* ReadiumAdapterGCDWebServer */ = {
			isa = XCSwiftPackageProductDependency;
			package = 5FBAAC8B2F9D000100CDF69E /* XCRemoteSwiftPackageReference "swift-toolkit" */;
			productName = ReadiumAdapterGCDWebServer;
		};
		5FBAACA12F9D000200CDF69E /* ReadiumZIPFoundation */ = {
			isa = XCSwiftPackageProductDependency;
			package = 5FBAACA02F9D000200CDF69E /* XCRemoteSwiftPackageReference "ZIPFoundation" */;
			productName = ReadiumZIPFoundation;
		};
/* End XCSwiftPackageProductDependency section */
	};
	rootObject = 5FBAAC6F2F9CB28400CDF69E /* Project object */;
}
